// !$*UTF8*$!
{
	archiveVersion = 1;
	classes = {
	};
	objectVersion = 50;
	objects = {

/* Begin PBXBuildFile section */
		3D1B00B1241E376F00A6EFCC /* TomIcon@3x.png in Resources */ = {isa = PBXBuildFile; fileRef = 3D1B00AF241E376F00A6EFCC /* TomIcon@3x.png */; };
		3D1B00B2241E376F00A6EFCC /* TomIcon@2x.png in Resources */ = {isa = PBXBuildFile; fileRef = 3D1B00B0241E376F00A6EFCC /* TomIcon@2x.png */; };
		3D51434B241FE4650021EB71 /* JerryIcon@2x.png in Resources */ = {isa = PBXBuildFile; fileRef = 3D514349241FE4640021EB71 /* JerryIcon@2x.png */; };
		3D51434C241FE4650021EB71 /* JerryIcon@3x.png in Resources */ = {isa = PBXBuildFile; fileRef = 3D51434A241FE4640021EB71 /* JerryIcon@3x.png */; };
		3DDDE9E5241D005D00AA9D64 /* AppDelegate.swift in Sources */ = {isa = PBXBuildFile; fileRef = 3DDDE9E4241D005D00AA9D64 /* AppDelegate.swift */; };
		3DDDE9E7241D005D00AA9D64 /* SceneDelegate.swift in Sources */ = {isa = PBXBuildFile; fileRef = 3DDDE9E6241D005D00AA9D64 /* SceneDelegate.swift */; };
		3DDDE9E9241D005D00AA9D64 /* ViewController.swift in Sources */ = {isa = PBXBuildFile; fileRef = 3DDDE9E8241D005D00AA9D64 /* ViewController.swift */; };
		3DDDE9EC241D005D00AA9D64 /* Main.storyboard in Resources */ = {isa = PBXBuildFile; fileRef = 3DDDE9EA241D005D00AA9D64 /* Main.storyboard */; };
		3DDDE9EE241D006200AA9D64 /* Assets.xcassets in Resources */ = {isa = PBXBuildFile; fileRef = 3DDDE9ED241D006200AA9D64 /* Assets.xcassets */; };
		3DDDE9F1241D006200AA9D64 /* LaunchScreen.storyboard in Resources */ = {isa = PBXBuildFile; fileRef = 3DDDE9EF241D006200AA9D64 /* LaunchScreen.storyboard */; };
/* End PBXBuildFile section */

/* Begin PBXFileReference section */
		3D1B00AF241E376F00A6EFCC /* TomIcon@3x.png */ = {isa = PBXFileReference; lastKnownFileType = image.png; path = "TomIcon@3x.png"; sourceTree = "<group>"; };
		3D1B00B0241E376F00A6EFCC /* TomIcon@2x.png */ = {isa = PBXFileReference; lastKnownFileType = image.png; path = "TomIcon@2x.png"; sourceTree = "<group>"; };
		3D514349241FE4640021EB71 /* JerryIcon@2x.png */ = {isa = PBXFileReference; lastKnownFileType = image.png; path = "JerryIcon@2x.png"; sourceTree = "<group>"; };
		3D51434A241FE4640021EB71 /* JerryIcon@3x.png */ = {isa = PBXFileReference; lastKnownFileType = image.png; path = "JerryIcon@3x.png"; sourceTree = "<group>"; };
		3DDDE9E1241D005D00AA9D64 /* AKIconChanger.app */ = {isa = PBXFileReference; explicitFileType = wrapper.application; includeInIndex = 0; path = AKIconChanger.app; sourceTree = BUILT_PRODUCTS_DIR; };
		3DDDE9E4241D005D00AA9D64 /* AppDelegate.swift */ = {isa = PBXFileReference; lastKnownFileType = sourcecode.swift; path = AppDelegate.swift; sourceTree = "<group>"; };
		3DDDE9E6241D005D00AA9D64 /* SceneDelegate.swift */ = {isa = PBXFileReference; lastKnownFileType = sourcecode.swift; path = SceneDelegate.swift; sourceTree = "<group>"; };
		3DDDE9E8241D005D00AA9D64 /* ViewController.swift */ = {isa = PBXFileReference; lastKnownFileType = sourcecode.swift; path = ViewController.swift; sourceTree = "<group>"; };
		3DDDE9EB241D005D00AA9D64 /* Base */ = {isa = PBXFileReference; lastKnownFileType = file.storyboard; name = Base; path = Base.lproj/Main.storyboard; sourceTree = "<group>"; };
		3DDDE9ED241D006200AA9D64 /* Assets.xcassets */ = {isa = PBXFileReference; lastKnownFileType = folder.assetcatalog; path = Assets.xcassets; sourceTree = "<group>"; };
		3DDDE9F0241D006200AA9D64 /* Base */ = {isa = PBXFileReference; lastKnownFileType = file.storyboard; name = Base; path = Base.lproj/LaunchScreen.storyboard; sourceTree = "<group>"; };
		3DDDE9F2241D006200AA9D64 /* Info.plist */ = {isa = PBXFileReference; lastKnownFileType = text.plist.xml; path = Info.plist; sourceTree = "<group>"; };
/* End PBXFileReference section */

/* Begin PBXFrameworksBuildPhase section */
		3DDDE9DE241D005D00AA9D64 /* Frameworks */ = {
			isa = PBXFrameworksBuildPhase;
			buildActionMask = 2147483647;
			files = (
			);
			runOnlyForDeploymentPostprocessing = 0;
		};
/* End PBXFrameworksBuildPhase section */

/* Begin PBXGroup section */
		3D514348241FE21D0021EB71 /* Resources */ = {
			isa = PBXGroup;
			children = (
				3D514349241FE4640021EB71 /* JerryIcon@2x.png */,
				3D51434A241FE4640021EB71 /* JerryIcon@3x.png */,
				3D1B00B0241E376F00A6EFCC /* TomIcon@2x.png */,
				3D1B00AF241E376F00A6EFCC /* TomIcon@3x.png */,
			);
			path = Resources;
			sourceTree = "<group>";
		};
		3DDDE9D8241D005D00AA9D64 = {
			isa = PBXGroup;
			children = (
				3DDDE9E3241D005D00AA9D64 /* AKIconChanger */,
				3DDDE9E2241D005D00AA9D64 /* Products */,
			);
			sourceTree = "<group>";
		};
		3DDDE9E2241D005D00AA9D64 /* Products */ = {
			isa = PBXGroup;
			children = (
				3DDDE9E1241D005D00AA9D64 /* AKIconChanger.app */,
			);
			name = Products;
			sourceTree = "<group>";
		};
		3DDDE9E3241D005D00AA9D64 /* AKIconChanger */ = {
			isa = PBXGroup;
			children = (
				3DDDE9E4241D005D00AA9D64 /* AppDelegate.swift */,
				3DDDE9E6241D005D00AA9D64 /* SceneDelegate.swift */,
				3DDDE9E8241D005D00AA9D64 /* ViewController.swift */,
				3DDDE9EA241D005D00AA9D64 /* Main.storyboard */,
				3DDDE9ED241D006200AA9D64 /* Assets.xcassets */,
				3DDDE9EF241D006200AA9D64 /* LaunchScreen.storyboard */,
				3D514348241FE21D0021EB71 /* Resources */,
				3DDDE9F2241D006200AA9D64 /* Info.plist */,
			);
			path = AKIconChanger;
			sourceTree = "<group>";
		};
/* End PBXGroup section */

/* Begin PBXNativeTarget section */
		3DDDE9E0241D005D00AA9D64 /* AKIconChanger */ = {
			isa = PBXNativeTarget;
			buildConfigurationList = 3DDDE9F5241D006200AA9D64 /* Build configuration list for PBXNativeTarget "AKIconChanger" */;
			buildPhases = (
				3DDDE9DD241D005D00AA9D64 /* Sources */,
				3DDDE9DE241D005D00AA9D64 /* Frameworks */,
				3DDDE9DF241D005D00AA9D64 /* Resources */,
			);
			buildRules = (
			);
			dependencies = (
			);
			name = AKIconChanger;
			productName = AKIconChanger;
			productReference = 3DDDE9E1241D005D00AA9D64 /* AKIconChanger.app */;
			productType = "com.apple.product-type.application";
		};
/* End PBXNativeTarget section */

/* Begin PBXProject section */
		3DDDE9D9241D005D00AA9D64 /* Project object */ = {
			isa = PBXProject;
			attributes = {
				LastSwiftUpdateCheck = 1100;
				LastUpgradeCheck = 1100;
				ORGANIZATIONNAME = kode;
				TargetAttributes = {
					3DDDE9E0241D005D00AA9D64 = {
						CreatedOnToolsVersion = 11.0;
					};
				};
			};
			buildConfigurationList = 3DDDE9DC241D005D00AA9D64 /* Build configuration list for PBXProject "AKIconChanger" */;
			compatibilityVersion = "Xcode 9.3";
			developmentRegion = en;
			hasScannedForEncodings = 0;
			knownRegions = (
				en,
				Base,
			);
			mainGroup = 3DDDE9D8241D005D00AA9D64;
			productRefGroup = 3DDDE9E2241D005D00AA9D64 /* Products */;
			projectDirPath = "";
			projectRoot = "";
			targets = (
				3DDDE9E0241D005D00AA9D64 /* AKIconChanger */,
			);
		};
/* End PBXProject section */

/* Begin PBXResourcesBuildPhase section */
		3DDDE9DF241D005D00AA9D64 /* Resources */ = {
			isa = PBXResourcesBuildPhase;
			buildActionMask = 2147483647;
			files = (
				3D1B00B2241E376F00A6EFCC /* TomIcon@2x.png in Resources */,
				3D51434C241FE4650021EB71 /* JerryIcon@3x.png in Resources */,
				3DDDE9F1241D006200AA9D64 /* LaunchScreen.storyboard in Resources */,
				3D51434B241FE4650021EB71 /* JerryIcon@2x.png in Resources */,
				3DDDE9EE241D006200AA9D64 /* Assets.xcassets in Resources */,
				3DDDE9EC241D005D00AA9D64 /* Main.storyboard in Resources */,
				3D1B00B1241E376F00A6EFCC /* TomIcon@3x.png in Resources */,
			);
			runOnlyForDeploymentPostprocessing = 0;
		};
/* End PBXResourcesBuildPhase section */

/* Begin PBXSourcesBuildPhase section */
		3DDDE9DD241D005D00AA9D64 /* Sources */ = {
			isa = PBXSourcesBuildPhase;
			buildActionMask = 2147483647;
			files = (
				3DDDE9E9241D005D00AA9D64 /* ViewController.swift in Sources */,
				3DDDE9E5241D005D00AA9D64 /* AppDelegate.swift in Sources */,
				3DDDE9E7241D005D00AA9D64 /* SceneDelegate.swift in Sources */,
			);
			runOnlyForDeploymentPostprocessing = 0;
		};
/* End PBXSourcesBuildPhase section */

/* Begin PBXVariantGroup section */
		3DDDE9EA241D005D00AA9D64 /* Main.storyboard */ = {
			isa = PBXVariantGroup;
			children = (
				3DDDE9EB241D005D00AA9D64 /* Base */,
			);
			name = Main.storyboard;
			sourceTree = "<group>";
		};
		3DDDE9EF241D006200AA9D64 /* LaunchScreen.storyboard */ = {
			isa = PBXVariantGroup;
			children = (
				3DDDE9F0241D006200AA9D64 /* Base */,
			);
			name = LaunchScreen.storyboard;
			sourceTree = "<group>";
		};
/* End PBXVariantGroup section */

/* Begin XCBuildConfiguration section */
		3DDDE9F3241D006200AA9D64 /* Debug */ = {
			isa = XCBuildConfiguration;
			buildSettings = {
				ALWAYS_SEARCH_USER_PATHS = NO;
				CLANG_ANALYZER_NONNULL = YES;
				CLANG_ANALYZER_NUMBER_OBJECT_CONVERSION = YES_AGGRESSIVE;
				CLANG_CXX_LANGUAGE_STANDARD = "gnu++14";
				CLANG_CXX_LIBRARY = "libc++";
				CLANG_ENABLE_MODULES = YES;
				CLANG_ENABLE_OBJC_ARC = YES;
				CLANG_ENABLE_OBJC_WEAK = YES;
				CLANG_WARN_BLOCK_CAPTURE_AUTORELEASING = YES;
				CLANG_WARN_BOOL_CONVERSION = YES;
				CLANG_WARN_COMMA = YES;
				CLANG_WARN_CONSTANT_CONVERSION = YES;
				CLANG_WARN_DEPRECATED_OBJC_IMPLEMENTATIONS = YES;
				CLANG_WARN_DIRECT_OBJC_ISA_USAGE = YES_ERROR;
				CLANG_WARN_DOCUMENTATION_COMMENTS = YES;
				CLANG_WARN_EMPTY_BODY = YES;
				CLANG_WARN_ENUM_CONVERSION = YES;
				CLANG_WARN_INFINITE_RECURSION = YES;
				CLANG_WARN_INT_CONVERSION = YES;
				CLANG_WARN_NON_LITERAL_NULL_CONVERSION = YES;
				CLANG_WARN_OBJC_IMPLICIT_RETAIN_SELF = YES;
				CLANG_WARN_OBJC_LITERAL_CONVERSION = YES;
				CLANG_WARN_OBJC_ROOT_CLASS = YES_ERROR;
				CLANG_WARN_RANGE_LOOP_ANALYSIS = YES;
				CLANG_WARN_STRICT_PROTOTYPES = YES;
				CLANG_WARN_SUSPICIOUS_MOVE = YES;
				CLANG_WARN_UNGUARDED_AVAILABILITY = YES_AGGRESSIVE;
				CLANG_WARN_UNREACHABLE_CODE = YES;
				CLANG_WARN__DUPLICATE_METHOD_MATCH = YES;
				COPY_PHASE_STRIP = NO;
				DEBUG_INFORMATION_FORMAT = dwarf;
				ENABLE_STRICT_OBJC_MSGSEND = YES;
				ENABLE_TESTABILITY = YES;
				GCC_C_LANGUAGE_STANDARD = gnu11;
				GCC_DYNAMIC_NO_PIC = NO;
				GCC_NO_COMMON_BLOCKS = YES;
				GCC_OPTIMIZATION_LEVEL = 0;
				GCC_PREPROCESSOR_DEFINITIONS = (
					"DEBUG=1",
					"$(inherited)",
				);
				GCC_WARN_64_TO_32_BIT_CONVERSION = YES;
				GCC_WARN_ABOUT_RETURN_TYPE = YES_ERROR;
				GCC_WARN_UNDECLARED_SELECTOR = YES;
				GCC_WARN_UNINITIALIZED_AUTOS = YES_AGGRESSIVE;
				GCC_WARN_UNUSED_FUNCTION = YES;
				GCC_WARN_UNUSED_VARIABLE = YES;
				IPHONEOS_DEPLOYMENT_TARGET = 13.0;
				MTL_ENABLE_DEBUG_INFO = INCLUDE_SOURCE;
				MTL_FAST_MATH = YES;
				ONLY_ACTIVE_ARCH = YES;
				SDKROOT = iphoneos;
				SWIFT_ACTIVE_COMPILATION_CONDITIONS = DEBUG;
				SWIFT_OPTIMIZATION_LEVEL = "-Onone";
			};
			name = Debug;
		};
		3DDDE9F4241D006200AA9D64 /* Release */ = {
			isa = XCBuildConfiguration;
			buildSettings = {
				ALWAYS_SEARCH_USER_PATHS = NO;
				CLANG_ANALYZER_NONNULL = YES;
				CLANG_ANALYZER_NUMBER_OBJECT_CONVERSION = YES_AGGRESSIVE;
				CLANG_CXX_LANGUAGE_STANDARD = "gnu++14";
				CLANG_CXX_LIBRARY = "libc++";
				CLANG_ENABLE_MODULES = YES;
				CLANG_ENABLE_OBJC_ARC = YES;
				CLANG_ENABLE_OBJC_WEAK = YES;
				CLANG_WARN_BLOCK_CAPTURE_AUTORELEASING = YES;
				CLANG_WARN_BOOL_CONVERSION = YES;
				CLANG_WARN_COMMA = YES;
				CLANG_WARN_CONSTANT_CONVERSION = YES;
				CLANG_WARN_DEPRECATED_OBJC_IMPLEMENTATIONS = YES;
				CLANG_WARN_DIRECT_OBJC_ISA_USAGE = YES_ERROR;
				CLANG_WARN_DOCUMENTATION_COMMENTS = YES;
				CLANG_WARN_EMPTY_BODY = YES;
				CLANG_WARN_ENUM_CONVERSION = YES;
				CLANG_WARN_INFINITE_RECURSION = YES;
				CLANG_WARN_INT_CONVERSION = YES;
				CLANG_WARN_NON_LITERAL_NULL_CONVERSION = YES;
				CLANG_WARN_OBJC_IMPLICIT_RETAIN_SELF = YES;
				CLANG_WARN_OBJC_LITERAL_CONVERSION = YES;
				CLANG_WARN_OBJC_ROOT_CLASS = YES_ERROR;
				CLANG_WARN_RANGE_LOOP_ANALYSIS = YES;
				CLANG_WARN_STRICT_PROTOTYPES = YES;
				CLANG_WARN_SUSPICIOUS_MOVE = YES;
				CLANG_WARN_UNGUARDED_AVAILABILITY = YES_AGGRESSIVE;
				CLANG_WARN_UNREACHABLE_CODE = YES;
				CLANG_WARN__DUPLICATE_METHOD_MATCH = YES;
				COPY_PHASE_STRIP = NO;
				DEBUG_INFORMATION_FORMAT = "dwarf-with-dsym";
				ENABLE_NS_ASSERTIONS = NO;
				ENABLE_STRICT_OBJC_MSGSEND = YES;
				GCC_C_LANGUAGE_STANDARD = gnu11;
				GCC_NO_COMMON_BLOCKS = YES;
				GCC_WARN_64_TO_32_BIT_CONVERSION = YES;
				GCC_WARN_ABOUT_RETURN_TYPE = YES_ERROR;
				GCC_WARN_UNDECLARED_SELECTOR = YES;
				GCC_WARN_UNINITIALIZED_AUTOS = YES_AGGRESSIVE;
				GCC_WARN_UNUSED_FUNCTION = YES;
				GCC_WARN_UNUSED_VARIABLE = YES;
				IPHONEOS_DEPLOYMENT_TARGET = 13.0;
				MTL_ENABLE_DEBUG_INFO = NO;
				MTL_FAST_MATH = YES;
				SDKROOT = iphoneos;
				SWIFT_COMPILATION_MODE = wholemodule;
				SWIFT_OPTIMIZATION_LEVEL = "-O";
				VALIDATE_PRODUCT = YES;
			};
			name = Release;
		};
		3DDDE9F6241D006200AA9D64 /* Debug */ = {
			isa = XCBuildConfiguration;
			buildSettings = {
				ASSETCATALOG_COMPILER_APPICON_NAME = AppIcon;
				CODE_SIGN_STYLE = Automatic;
				INFOPLIST_FILE = AKIconChanger/Info.plist;
				LD_RUNPATH_SEARCH_PATHS = (
					"$(inherited)",
					"@executable_path/Frameworks",
				);
				PRODUCT_BUNDLE_IDENTIFIER = com.kode.AKIconChanger;
				PRODUCT_NAME = "$(TARGET_NAME)";
				SWIFT_VERSION = 5.0;
				TARGETED_DEVICE_FAMILY = "1,2";
			};
			name = Debug;
		};
		3DDDE9F7241D006200AA9D64 /* Release */ = {
			isa = XCBuildConfiguration;
			buildSettings = {
				ASSETCATALOG_COMPILER_APPICON_NAME = AppIcon;
				CODE_SIGN_STYLE = Automatic;
				INFOPLIST_FILE = AKIconChanger/Info.plist;
				LD_RUNPATH_SEARCH_PATHS = (
					"$(inherited)",
					"@executable_path/Frameworks",
				);
				PRODUCT_BUNDLE_IDENTIFIER = com.kode.AKIconChanger;
				PRODUCT_NAME = "$(TARGET_NAME)";
				SWIFT_VERSION = 5.0;
				TARGETED_DEVICE_FAMILY = "1,2";
			};
			name = Release;
		};
/* End XCBuildConfiguration section */

/* Begin XCConfigurationList section */
		3DDDE9DC241D005D00AA9D64 /* Build configuration list for PBXProject "AKIconChanger" */ = {
			isa = XCConfigurationList;
			buildConfigurations = (
				3DDDE9F3241D006200AA9D64 /* Debug */,
				3DDDE9F4241D006200AA9D64 /* Release */,
			);
			defaultConfigurationIsVisible = 0;
			defaultConfigurationName = Release;
		};
		3DDDE9F5241D006200AA9D64 /* Build configuration list for PBXNativeTarget "AKIconChanger" */ = {
			isa = XCConfigurationList;
			buildConfigurations = (
				3DDDE9F6241D006200AA9D64 /* Debug */,
				3DDDE9F7241D006200AA9D64 /* Release */,
			);
			defaultConfigurationIsVisible = 0;
			defaultConfigurationName = Release;
		};
/* End XCConfigurationList section */
	};
	rootObject = 3DDDE9D9241D005D00AA9D64 /* Project object */;
}
